
Microsoft Visual Studio Solution File, Format Version 12.00
# Visual Studio Version 16
VisualStudioVersion = 16.0.29728.190
MinimumVisualStudioVersion = 10.0.40219.1
Project("{FAE04EC0-301F-11D3-BF4B-00C04F79EFBC}") = "ACCMetry", "ACCMetry\ACCMetry.csproj", "{6099CA57-02BF-40C0-BBC0-ED485B7D098B}"
EndProject
Global
	GlobalSection(SolutionConfigurationPlatforms) = preSolution
		Debug|Any CPU = Debug|Any CPU
		Release|Any CPU = Release|Any CPU
	EndGlobalSection
	GlobalSection(ProjectConfigurationPlatforms) = postSolution
		{6099CA57-02BF-40C0-BBC0-ED485B7D098B}.Debug|Any CPU.ActiveCfg = Debug|Any CPU
		{6099CA57-02BF-40C0-BBC0-ED485B7D098B}.Debug|Any CPU.Build.0 = Debug|Any CPU
		{6099CA57-02BF-40C0-BBC0-ED485B7D098B}.Release|Any CPU.ActiveCfg = Release|Any CPU
		{6099CA57-02BF-40C0-BBC0-ED485B7D098B}.Release|Any CPU.Build.0 = Release|Any CPU
	EndGlobalSection
	GlobalSection(SolutionProperties) = preSolution
		HideSolutionNode = FALSE
	EndGlobalSection
	GlobalSection(ExtensibilityGlobals) = postSolution
		SolutionGuid = {8F0A0F70-C340-42EE-B8FE-1F6863174FCA}
	EndGlobalSection
EndGlobal
